
Microsoft Visual Studio Solution File, Format Version 12.00
# Visual Studio Version 17
VisualStudioVersion = 17.5.33502.453
MinimumVisualStudioVersion = 10.0.40219.1
Project("{FAE04EC0-301F-11D3-BF4B-00C04F79EFBC}") = "Tema1", "Tema1\Tema1.csproj", "{C2F2B08A-2CAA-41F6-92AA-99C2B368F2E1}"
EndProject
Global
	GlobalSection(SolutionConfigurationPlatforms) = preSolution
		Debug|Any CPU = Debug|Any CPU
		Release|Any CPU = Release|Any CPU
	EndGlobalSection
	GlobalSection(ProjectConfigurationPlatforms) = postSolution
		{C2F2B08A-2CAA-41F6-92AA-99C2B368F2E1}.Debug|Any CPU.ActiveCfg = Debug|Any CPU
		{C2F2B08A-2CAA-41F6-92AA-99C2B368F2E1}.Debug|Any CPU.Build.0 = Debug|Any CPU
		{C2F2B08A-2CAA-41F6-92AA-99C2B368F2E1}.Release|Any CPU.ActiveCfg = Release|Any CPU
		{C2F2B08A-2CAA-41F6-92AA-99C2B368F2E1}.Release|Any CPU.Build.0 = Release|Any CPU
	EndGlobalSection
	GlobalSection(SolutionProperties) = preSolution
		HideSolutionNode = FALSE
	EndGlobalSection
	GlobalSection(ExtensibilityGlobals) = postSolution
		SolutionGuid = {BF2F5180-E3A7-4681-AB69-07F06843BFBF}
	EndGlobalSection
EndGlobal
