
Microsoft Visual Studio Solution File, Format Version 12.00
# Visual Studio Version 17
VisualStudioVersion = 17.5.33530.505
MinimumVisualStudioVersion = 10.0.40219.1
Project("{FAE04EC0-301F-11D3-BF4B-00C04F79EFBC}") = "Tema2", "Tema2\Tema2.csproj", "{5A43AC43-58E4-4077-B62E-09510DB52A87}"
EndProject
Global
	GlobalSection(SolutionConfigurationPlatforms) = preSolution
		Debug|Any CPU = Debug|Any CPU
		Release|Any CPU = Release|Any CPU
	EndGlobalSection
	GlobalSection(ProjectConfigurationPlatforms) = postSolution
		{5A43AC43-58E4-4077-B62E-09510DB52A87}.Debug|Any CPU.ActiveCfg = Debug|Any CPU
		{5A43AC43-58E4-4077-B62E-09510DB52A87}.Debug|Any CPU.Build.0 = Debug|Any CPU
		{5A43AC43-58E4-4077-B62E-09510DB52A87}.Release|Any CPU.ActiveCfg = Release|Any CPU
		{5A43AC43-58E4-4077-B62E-09510DB52A87}.Release|Any CPU.Build.0 = Release|Any CPU
	EndGlobalSection
	GlobalSection(SolutionProperties) = preSolution
		HideSolutionNode = FALSE
	EndGlobalSection
	GlobalSection(ExtensibilityGlobals) = postSolution
		SolutionGuid = {3271DD98-154D-4A8E-8FA1-8E0D101CCB04}
	EndGlobalSection
EndGlobal
