
Microsoft Visual Studio Solution File, Format Version 12.00
# Visual Studio Version 17
VisualStudioVersion = 17.5.33530.505
MinimumVisualStudioVersion = 10.0.40219.1
Project("{FAE04EC0-301F-11D3-BF4B-00C04F79EFBC}") = "ClientTema2", "ClientTema2\ClientTema2.csproj", "{014A339D-BABC-4C14-B8D4-E821FE50D444}"
EndProject
Global
	GlobalSection(SolutionConfigurationPlatforms) = preSolution
		Debug|Any CPU = Debug|Any CPU
		Release|Any CPU = Release|Any CPU
	EndGlobalSection
	GlobalSection(ProjectConfigurationPlatforms) = postSolution
		{014A339D-BABC-4C14-B8D4-E821FE50D444}.Debug|Any CPU.ActiveCfg = Debug|Any CPU
		{014A339D-BABC-4C14-B8D4-E821FE50D444}.Debug|Any CPU.Build.0 = Debug|Any CPU
		{014A339D-BABC-4C14-B8D4-E821FE50D444}.Release|Any CPU.ActiveCfg = Release|Any CPU
		{014A339D-BABC-4C14-B8D4-E821FE50D444}.Release|Any CPU.Build.0 = Release|Any CPU
	EndGlobalSection
	GlobalSection(SolutionProperties) = preSolution
		HideSolutionNode = FALSE
	EndGlobalSection
	GlobalSection(ExtensibilityGlobals) = postSolution
		SolutionGuid = {55E11144-64F8-487D-B1E5-252AA48CAE55}
	EndGlobalSection
EndGlobal
